<?xml version="1.0" encoding="UTF-8" standalone="yes" ?>
<CodeBlocks_project_file>
	<FileVersion major="1" minor="6" />
	<Project>
		<Option title="UPKUtils" />
		<Option pch_mode="2" />
		<Option compiler="gcc" />
		<Build>
			<Target title="ExtractNameLists">
				<Option output="bin/ExtractNameLists" prefix_auto="1" extension_auto="1" />
				<Option working_dir="bin/" />
				<Option object_output="obj/ExtractNameLists" />
				<Option type="1" />
				<Option compiler="gcc" />
				<Option parameters="XComStrategyGame.upk" />
			</Target>
			<Target title="FindObjectEntry">
				<Option output="bin/FindObjectEntry" prefix_auto="1" extension_auto="1" />
				<Option working_dir="bin/" />
				<Option object_output="obj/FindObjectEntry" />
				<Option type="1" />
				<Option compiler="gcc" />
				<Option parameters="XComStrategyGame.upk" />
			</Target>
			<Target title="PatchUPK">
				<Option output="bin/PatchUPK" prefix_auto="1" extension_auto="1" />
				<Option working_dir="bin/" />
				<Option object_output="obj/PatchUPK" />
				<Option type="1" />
				<Option compiler="gcc" />
				<Option parameters="XComStrategyGame.upk" />
			</Target>
			<Target title="MoveExpandFunction">
				<Option output="bin/MoveExpandFunction" prefix_auto="1" extension_auto="1" />
				<Option working_dir="bin/" />
				<Option object_output="obj/MoveExpandFunction" />
				<Option type="1" />
				<Option compiler="gcc" />
				<Option parameters="XComStrategyGame.upk" />
			</Target>
			<Target title="FindObjectByOffset">
				<Option output="bin/FindObjectByOffset" prefix_auto="1" extension_auto="1" />
				<Option working_dir="bin/" />
				<Option object_output="obj/FindObjectByOffset" />
				<Option type="1" />
				<Option compiler="gcc" />
				<Option parameters="XComStrategyGame.upk" />
			</Target>
			<Target title="DeserializeAll">
				<Option output="bin/DeserializeAll" prefix_auto="1" extension_auto="1" />
				<Option working_dir="bin/" />
				<Option object_output="obj/DeserializeAll" />
				<Option type="1" />
				<Option compiler="gcc" />
				<Option parameters="XComStrategyGame.upk" />
				<Compiler>
					<Add directory="$(#wx)/include" />
					<Add directory="$(#wx)/lib/gcc_lib/mswu" />
				</Compiler>
				<Linker>
					<Add library="$(#wx)\lib\gcc_lib\libwxmsw30u.a" />
					<Add library="$(#wx)\lib\gcc_lib\libwxtiff.a" />
					<Add library="$(#wx)\lib\gcc_lib\libwxjpeg.a" />
					<Add library="$(#wx)\lib\gcc_lib\libwxpng.a" />
					<Add library="$(#wx)\lib\gcc_lib\libwxzlib.a" />
					<Add library="$(#wx)\lib\gcc_lib\libwxregexu.a" />
					<Add library="$(#wx)\lib\gcc_lib\libwxexpat.a" />
					<Add library="kernel32" />
					<Add library="user32" />
					<Add library="gdi32" />
					<Add library="comdlg32" />
					<Add library="winspool" />
					<Add library="winmm" />
					<Add library="shell32" />
					<Add library="comctl32" />
					<Add library="ole32" />
					<Add library="oleaut32" />
					<Add library="uuid" />
					<Add library="rpcrt4" />
					<Add library="advapi32" />
					<Add library="wsock32" />
					<Add directory="$(#wx)/lib/gcc_lib/mswu" />
				</Linker>
			</Target>
		</Build>
		<Compiler>
			<Add option="-std=c++11" />
			<Add option="-Wall" />
			<Add option="-fexceptions" />
		</Compiler>
		<Linker>
			<Add option="-static-libgcc" />
			<Add option="-static-libstdc++" />
		</Linker>
		<Unit filename="DeserializeAll.cpp">
			<Option target="DeserializeAll" />
		</Unit>
		<Unit filename="ExtractNameLists.cpp">
			<Option target="ExtractNameLists" />
		</Unit>
		<Unit filename="FindObjectByOffset.cpp">
			<Option target="FindObjectByOffset" />
		</Unit>
		<Unit filename="FindObjectEntry.cpp">
			<Option target="FindObjectEntry" />
		</Unit>
		<Unit filename="ModParser.cpp">
			<Option target="PatchUPK" />
		</Unit>
		<Unit filename="ModParser.h">
			<Option target="PatchUPK" />
		</Unit>
		<Unit filename="ModScript.cpp">
			<Option target="PatchUPK" />
		</Unit>
		<Unit filename="ModScript.h">
			<Option target="PatchUPK" />
		</Unit>
		<Unit filename="MoveExpandFunction.cpp">
			<Option target="MoveExpandFunction" />
		</Unit>
		<Unit filename="PatchUPK.cpp">
			<Option target="PatchUPK" />
		</Unit>
		<Unit filename="UFlags.h" />
		<Unit filename="UObject.cpp">
			<Option target="FindObjectEntry" />
			<Option target="PatchUPK" />
			<Option target="MoveExpandFunction" />
			<Option target="DeserializeAll" />
		</Unit>
		<Unit filename="UObject.h">
			<Option target="FindObjectEntry" />
			<Option target="PatchUPK" />
			<Option target="MoveExpandFunction" />
			<Option target="DeserializeAll" />
		</Unit>
		<Unit filename="UObjectFactory.cpp">
			<Option target="FindObjectEntry" />
			<Option target="PatchUPK" />
			<Option target="MoveExpandFunction" />
			<Option target="DeserializeAll" />
		</Unit>
		<Unit filename="UObjectFactory.h">
			<Option target="FindObjectEntry" />
			<Option target="PatchUPK" />
			<Option target="MoveExpandFunction" />
			<Option target="DeserializeAll" />
		</Unit>
		<Unit filename="UPKInfo.cpp" />
		<Unit filename="UPKInfo.h" />
		<Unit filename="UPKUtils.cpp">
			<Option target="PatchUPK" />
			<Option target="MoveExpandFunction" />
			<Option target="FindObjectEntry" />
			<Option target="DeserializeAll" />
		</Unit>
		<Unit filename="UPKUtils.h">
			<Option target="PatchUPK" />
			<Option target="MoveExpandFunction" />
			<Option target="FindObjectEntry" />
			<Option target="DeserializeAll" />
		</Unit>
		<Extensions>
			<code_completion />
			<envvars />
			<debugger />
			<lib_finder disable_auto="1" />
			<DoxyBlocks>
				<comment_style block="0" line="0" />
				<doxyfile_project />
				<doxyfile_build />
				<doxyfile_warnings />
				<doxyfile_output />
				<doxyfile_dot />
				<general />
			</DoxyBlocks>
		</Extensions>
	</Project>
</CodeBlocks_project_file>
