<?xml version="1.0" encoding="UTF-8" standalone="yes" ?>
<CodeBlocks_project_file>
	<FileVersion major="1" minor="6" />
	<Project>
		<Option title="PatcherGUI" />
		<Option pch_mode="2" />
		<Option compiler="gcc" />
		<Build>
			<Target title="Debug">
				<Option output="bin/Debug/PatcherGUI" prefix_auto="1" extension_auto="1" />
				<Option object_output="obj/Debug/" />
				<Option type="0" />
				<Option compiler="gcc" />
				<Option projectLinkerOptionsRelation="2" />
			</Target>
			<Target title="Release">
				<Option output="bin/Release/PatcherGUI" prefix_auto="1" extension_auto="1" />
				<Option object_output="obj/Release/" />
				<Option type="0" />
				<Option compiler="gcc" />
				<Option projectLinkerOptionsRelation="2" />
				<Compiler>
					<Add option="-O2" />
					<Add option="-DNDEBUG" />
				</Compiler>
				<Linker>
					<Add option="-s" />
				</Linker>
			</Target>
		</Build>
		<Compiler>
			<Add option="-Wall" />
			<Add option="-D__GNUWIN32__" />
			<Add option="-D__WXMSW__" />
			<Add option="-D_UNICODE" />
			<Add directory="$(#wx)/include" />
			<Add directory="$(#wx)/lib/gcc_lib/mswu" />
		</Compiler>
		<ResourceCompiler>
			<Add directory="$(#wx)/include" />
		</ResourceCompiler>
		<Linker>
			<Add option="-mthreads" />
			<Add library="$(#wx)\lib\gcc_lib\libwxmsw30u.a" />
			<Add library="$(#wx)\lib\gcc_lib\libwxtiff.a" />
			<Add library="$(#wx)\lib\gcc_lib\libwxjpeg.a" />
			<Add library="$(#wx)\lib\gcc_lib\libwxpng.a" />
			<Add library="$(#wx)\lib\gcc_lib\libwxzlib.a" />
			<Add library="$(#wx)\lib\gcc_lib\libwxregexu.a" />
			<Add library="$(#wx)\lib\gcc_lib\libwxexpat.a" />
			<Add library="kernel32" />
			<Add library="user32" />
			<Add library="gdi32" />
			<Add library="comdlg32" />
			<Add library="winspool" />
			<Add library="winmm" />
			<Add library="shell32" />
			<Add library="comctl32" />
			<Add library="ole32" />
			<Add library="oleaut32" />
			<Add library="uuid" />
			<Add library="rpcrt4" />
			<Add library="advapi32" />
			<Add library="wsock32" />
			<Add directory="$(#wx)/lib/gcc_lib/mswu" />
		</Linker>
		<Unit filename="PatcherGUIApp.cpp" />
		<Unit filename="PatcherGUIApp.h" />
		<Unit filename="PatcherGUIMain.cpp" />
		<Unit filename="PatcherGUIMain.h" />
		<Unit filename="SettingsDialog.cpp" />
		<Unit filename="SettingsDialog.h" />
		<Unit filename="resource.rc">
			<Option compilerVar="WINDRES" />
		</Unit>
		<Unit filename="wxsmith/PatcherGUIframe.wxs" />
		<Unit filename="wxsmith/SettingsDialog.wxs" />
		<Extensions>
			<code_completion />
			<envvars />
			<debugger />
			<wxsmith version="1">
				<gui name="wxWidgets" src="PatcherGUIApp.cpp" main="PatcherGUIFrame" init_handlers="necessary" language="CPP" />
				<resources>
					<wxFrame wxs="wxsmith/PatcherGUIframe.wxs" src="PatcherGUIMain.cpp" hdr="PatcherGUIMain.h" fwddecl="0" i18n="1" name="PatcherGUIFrame" language="CPP" />
					<wxDialog wxs="wxsmith/SettingsDialog.wxs" src="SettingsDialog.cpp" hdr="SettingsDialog.h" fwddecl="0" i18n="1" name="SettingsDialog" language="CPP" />
				</resources>
			</wxsmith>
			<DoxyBlocks>
				<comment_style block="0" line="0" />
				<doxyfile_project />
				<doxyfile_build />
				<doxyfile_warnings />
				<doxyfile_output />
				<doxyfile_dot />
				<general />
			</DoxyBlocks>
		</Extensions>
	</Project>
</CodeBlocks_project_file>
